
Microsoft Visual Studio Solution File, Format Version 12.00
# Visual Studio Version 16
VisualStudioVersion = 16.0.30204.135
MinimumVisualStudioVersion = 10.0.40219.1
Project("{9A19103F-16F7-4668-BE54-9A1E7A4F7556}") = "ReactorUI", "ReactorUI.csproj", "{D16C6775-3E55-4E7B-8893-DCF90FAF2DF0}"
EndProject
Project("{2150E333-8FDC-42A3-9474-1A3956D46DE8}") = "WinForms", "WinForms", "{0AB3431E-82CE-4EF6-B135-1282BC345FF4}"
EndProject
Project("{FAE04EC0-301F-11D3-BF4B-00C04F79EFBC}") = "ReactorUI.WinForms", "..\ReactorUI.WinForms\ReactorUI.WinForms.csproj", "{D20F5537-25B2-4739-8D01-01F0E1557EFC}"
EndProject
Project("{FAE04EC0-301F-11D3-BF4B-00C04F79EFBC}") = "ReactorUI.WinForms.DemoApp", "..\ReactorUI.WinForms.DemoApp\ReactorUI.WinForms.DemoApp.csproj", "{D1340D73-01C9-43FC-A07C-7D24A832510D}"
EndProject
Project("{FAE04EC0-301F-11D3-BF4B-00C04F79EFBC}") = "ReactorUI.Components", "..\ReactorUI.Components\ReactorUI.Components.csproj", "{F1A39C22-6916-41E9-87D9-01AED129DC41}"
EndProject
Global
	GlobalSection(SolutionConfigurationPlatforms) = preSolution
		Debug|Any CPU = Debug|Any CPU
		Release|Any CPU = Release|Any CPU
	EndGlobalSection
	GlobalSection(ProjectConfigurationPlatforms) = postSolution
		{D16C6775-3E55-4E7B-8893-DCF90FAF2DF0}.Debug|Any CPU.ActiveCfg = Debug|Any CPU
		{D16C6775-3E55-4E7B-8893-DCF90FAF2DF0}.Debug|Any CPU.Build.0 = Debug|Any CPU
		{D16C6775-3E55-4E7B-8893-DCF90FAF2DF0}.Release|Any CPU.ActiveCfg = Release|Any CPU
		{D16C6775-3E55-4E7B-8893-DCF90FAF2DF0}.Release|Any CPU.Build.0 = Release|Any CPU
		{D20F5537-25B2-4739-8D01-01F0E1557EFC}.Debug|Any CPU.ActiveCfg = Debug|Any CPU
		{D20F5537-25B2-4739-8D01-01F0E1557EFC}.Debug|Any CPU.Build.0 = Debug|Any CPU
		{D20F5537-25B2-4739-8D01-01F0E1557EFC}.Release|Any CPU.ActiveCfg = Release|Any CPU
		{D20F5537-25B2-4739-8D01-01F0E1557EFC}.Release|Any CPU.Build.0 = Release|Any CPU
		{D1340D73-01C9-43FC-A07C-7D24A832510D}.Debug|Any CPU.ActiveCfg = Debug|Any CPU
		{D1340D73-01C9-43FC-A07C-7D24A832510D}.Debug|Any CPU.Build.0 = Debug|Any CPU
		{D1340D73-01C9-43FC-A07C-7D24A832510D}.Release|Any CPU.ActiveCfg = Release|Any CPU
		{D1340D73-01C9-43FC-A07C-7D24A832510D}.Release|Any CPU.Build.0 = Release|Any CPU
		{F1A39C22-6916-41E9-87D9-01AED129DC41}.Debug|Any CPU.ActiveCfg = Debug|Any CPU
		{F1A39C22-6916-41E9-87D9-01AED129DC41}.Debug|Any CPU.Build.0 = Debug|Any CPU
		{F1A39C22-6916-41E9-87D9-01AED129DC41}.Release|Any CPU.ActiveCfg = Release|Any CPU
		{F1A39C22-6916-41E9-87D9-01AED129DC41}.Release|Any CPU.Build.0 = Release|Any CPU
	EndGlobalSection
	GlobalSection(SolutionProperties) = preSolution
		HideSolutionNode = FALSE
	EndGlobalSection
	GlobalSection(NestedProjects) = preSolution
		{D20F5537-25B2-4739-8D01-01F0E1557EFC} = {0AB3431E-82CE-4EF6-B135-1282BC345FF4}
		{D1340D73-01C9-43FC-A07C-7D24A832510D} = {0AB3431E-82CE-4EF6-B135-1282BC345FF4}
	EndGlobalSection
	GlobalSection(ExtensibilityGlobals) = postSolution
		SolutionGuid = {6A50237D-A049-4567-A7C7-F6D5C7DE90F7}
	EndGlobalSection
EndGlobal
